DEPENDENCIES
  api-umbrella
    git: https://github.com/NREL/api-umbrella-cookbook.git
    revision: 04238ed07c24af20b0de0603cb076c002b5b2baa

GRAPH
  api-umbrella (0.7.1)
    build-essential (>= 0.0.0)
    sudo (>= 0.0.0)
    ulimit (>= 0.0.0)
    yum (>= 0.0.0)
    yum-epel (>= 0.0.0)
  build-essential (7.0.2)
    compat_resource (>= 12.14)
    mingw (>= 1.1)
    seven_zip (>= 0.0.0)
  compat_resource (12.16.2)
  mingw (1.2.4)
    compat_resource (>= 0.0.0)
    seven_zip (>= 0.0.0)
  ohai (4.2.2)
    compat_resource (>= 12.14)
  seven_zip (2.0.2)
    windows (>= 1.2.2)
  sudo (3.1.0)
  ulimit (0.4.0)
  windows (2.1.1)
    ohai (>= 4.0.0)
  yum (4.1.0)
  yum-epel (2.0.0)
    compat_resource (>= 12.14.6)
