{
  "name": "api-umbrella-router",
  "version": "0.0.1",
  "dependencies": {
    "api-umbrella-gatekeeper": {
      "version": "0.1.0",
      "from": "api-umbrella-gatekeeper@git://github.com/NREL/api-umbrella-gatekeeper.git#node",
      "resolved": "git://github.com/NREL/api-umbrella-gatekeeper.git#3300188ce8ac0914a7be66ad97aa86a204ff5bb7",
      "dependencies": {
        "addr": {
          "version": "1.0.0",
          "from": "addr@1.0.x"
        },
        "async": {
          "version": "0.2.8",
          "from": "async@0.2.x"
        },
        "connect": {
          "version": "2.7.9",
          "from": "connect@2.7.x",
          "dependencies": {
            "qs": {
              "version": "0.6.4",
              "from": "qs@0.6.4"
            },
            "formidable": {
              "version": "1.0.13",
              "from": "formidable@1.0.13"
            },
            "cookie-signature": {
              "version": "1.0.1",
              "from": "cookie-signature@1.0.1"
            },
            "buffer-crc32": {
              "version": "0.2.1",
              "from": "buffer-crc32@0.2.1"
            },
            "cookie": {
              "version": "0.0.5",
              "from": "cookie@0.0.5"
            },
            "send": {
              "version": "0.1.0",
              "from": "send@0.1.0",
              "dependencies": {
                "mime": {
                  "version": "1.2.6",
                  "from": "mime@1.2.6"
                },
                "range-parser": {
                  "version": "0.0.4",
                  "from": "range-parser@0.0.4"
                }
              }
            },
            "bytes": {
              "version": "0.2.0",
              "from": "bytes@0.2.0"
            },
            "fresh": {
              "version": "0.1.0",
              "from": "fresh@0.1.0"
            },
            "pause": {
              "version": "0.0.1",
              "from": "pause@0.0.1"
            },
            "debug": {
              "version": "0.7.2",
              "from": "debug@*"
            }
          }
        },
        "connect-base": {
          "version": "0.1.5",
          "from": "connect-base@0.1.x",
          "dependencies": {
            "debug": {
              "version": "0.7.2",
              "from": "debug@~0.7.2"
            }
          }
        },
        "elasticsearchclient": {
          "version": "0.4.0",
          "from": "elasticsearchclient@0.4.x"
        },
        "geoip-lite": {
          "version": "1.0.10",
          "from": "geoip-lite@1.0.x"
        },
        "glossy": {
          "version": "0.1.4",
          "from": "glossy@0.1.x"
        },
        "hiredis": {
          "version": "0.1.15",
          "from": "hiredis@0.1.x",
          "dependencies": {
            "bindings": {
              "version": "1.1.0",
              "from": "bindings@*"
            }
          }
        },
        "http-proxy": {
          "version": "0.10.2",
          "from": "http-proxy@~0.10.2",
          "dependencies": {
            "colors": {
              "version": "0.6.0-1",
              "from": "colors@0.x.x"
            },
            "optimist": {
              "version": "0.3.7",
              "from": "optimist@0.3.x",
              "dependencies": {
                "wordwrap": {
                  "version": "0.0.2",
                  "from": "wordwrap@~0.0.2"
                }
              }
            },
            "pkginfo": {
              "version": "0.2.3",
              "from": "pkginfo@0.2.x"
            },
            "utile": {
              "version": "0.1.7",
              "from": "utile@~0.1.7",
              "dependencies": {
                "async": {
                  "version": "0.1.22",
                  "from": "async@0.1.x"
                },
                "deep-equal": {
                  "version": "0.0.0",
                  "from": "deep-equal@*"
                },
                "i": {
                  "version": "0.3.1",
                  "from": "i@0.3.x"
                },
                "mkdirp": {
                  "version": "0.3.5",
                  "from": "mkdirp@0.x.x"
                },
                "ncp": {
                  "version": "0.2.7",
                  "from": "ncp@0.2.x"
                },
                "rimraf": {
                  "version": "1.0.9",
                  "from": "rimraf@1.x.x"
                }
              }
            }
          }
        },
        "i18n": {
          "version": "0.4.0",
          "from": "i18n@0.4.x",
          "dependencies": {
            "sprintf": {
              "version": "0.1.1",
              "from": "sprintf@>=0.1.1"
            },
            "debug": {
              "version": "0.7.2",
              "from": "debug@~0.7.0"
            }
          }
        },
        "mongodb": {
          "version": "1.3.3",
          "from": "mongodb@1.3.x",
          "dependencies": {
            "bson": {
              "version": "0.1.8",
              "from": "bson@0.1.8"
            },
            "kerberos": {
              "version": "0.0.2",
              "from": "kerberos@latest"
            }
          }
        },
        "nconf": {
          "version": "0.6.7",
          "from": "nconf@0.6.x",
          "dependencies": {
            "async": {
              "version": "0.1.22",
              "from": "async@0.1.x"
            },
            "ini": {
              "version": "1.1.0",
              "from": "ini@1.x.x"
            },
            "optimist": {
              "version": "0.3.7",
              "from": "optimist@0.3.x",
              "dependencies": {
                "wordwrap": {
                  "version": "0.0.2",
                  "from": "wordwrap@~0.0.2"
                }
              }
            },
            "pkginfo": {
              "version": "0.2.3",
              "from": "pkginfo@0.2.x"
            }
          }
        },
        "redis": {
          "version": "0.8.3",
          "from": "redis@0.8.x"
        },
        "redis-convoy": {
          "version": "0.1.2",
          "from": "redis-convoy@0.1.x",
          "dependencies": {
            "config": {
              "version": "0.4.24",
              "from": "config@~0.4.17"
            },
            "debug": {
              "version": "0.7.2",
              "from": "debug@*"
            },
            "redis": {
              "version": "0.8.2",
              "from": "https://github.com/gosquared/node_redis/tarball/master",
              "resolved": "https://github.com/gosquared/node_redis/tarball/master"
            }
          }
        },
        "underscore": {
          "version": "1.4.4",
          "from": "underscore@1.4.x"
        },
        "urlsafe-base64": {
          "version": "0.0.1",
          "from": "urlsafe-base64@0.0.x"
        }
      }
    }
  }
}
