# THIS IS AN AUTOGENERATED FILE. DO NOT EDIT THIS FILE DIRECTLY.
# yarn lockfile v1


bootstrap@^5.1.0:
  version "5.1.0"
  resolved "https://registry.yarnpkg.com/bootstrap/-/bootstrap-5.1.0.tgz#543ef8f44f4b9af67b0230f19508542fec38ef55"
  integrity sha512-bs74WNI9BgBo3cEovmdMHikSKoXnDgA6VQjJ7TyTotU6L7d41ZyCEEelPwkYEzsG/Zjv3ie9IE3EMAje0W9Xew==

escape-html@^1.0.3:
  version "1.0.3"
  resolved "https://registry.yarnpkg.com/escape-html/-/escape-html-1.0.3.tgz#0258eae4d3d0c0974de1c169188ef0051d1d1988"
  integrity sha1-Aljq5NPQwJdN4cFpGI7wBR0dGYg=

form-serialize@^0.7.2:
  version "0.7.2"
  resolved "https://registry.yarnpkg.com/form-serialize/-/form-serialize-0.7.2.tgz#b0a2ff0c22026fb6d3d15c9d33f6de6a432e4732"
  integrity sha1-sKL/DCICb7bT0VydM/beakMuRzI=

promise-polyfill@^8.2.0:
  version "8.2.0"
  resolved "https://registry.yarnpkg.com/promise-polyfill/-/promise-polyfill-8.2.0.tgz#367394726da7561457aba2133c9ceefbd6267da0"
  integrity sha512-k/TC0mIcPVF6yHhUvwAp7cvL6I2fFV7TzF1DuGPI8mBh4QQazf36xCKEHKTZKRysEoTQoQdKyP25J8MPJp7j5g==

whatwg-fetch@^3.6.2:
  version "3.6.2"
  resolved "https://registry.yarnpkg.com/whatwg-fetch/-/whatwg-fetch-3.6.2.tgz#dced24f37f2624ed0281725d51d0e2e3fe677f8c"
  integrity sha512-bJlen0FcuU/0EMLrdbJ7zOnW6ITZLrZMIarMUVmdKtsGvZna8vxKYaexICWPfZ8qwf9fzNq+UEIZrnSaApt6RA==
